
Microsoft Visual Studio Solution File, Format Version 12.00
# Visual Studio 15
VisualStudioVersion = 15.0.28307.421
MinimumVisualStudioVersion = 10.0.40219.1
Project("{FAE04EC0-301F-11D3-BF4B-00C04F79EFBC}") = "MyGitDemo", "MyGitDemo\MyGitDemo.csproj", "{4D58EFF1-7EDD-4805-AEE3-FF4CCCCD0A1D}"
EndProject
Global
	GlobalSection(SolutionConfigurationPlatforms) = preSolution
		Debug|Any CPU = Debug|Any CPU
		Release|Any CPU = Release|Any CPU
	EndGlobalSection
	GlobalSection(ProjectConfigurationPlatforms) = postSolution
		{4D58EFF1-7EDD-4805-AEE3-FF4CCCCD0A1D}.Debug|Any CPU.ActiveCfg = Debug|Any CPU
		{4D58EFF1-7EDD-4805-AEE3-FF4CCCCD0A1D}.Debug|Any CPU.Build.0 = Debug|Any CPU
		{4D58EFF1-7EDD-4805-AEE3-FF4CCCCD0A1D}.Release|Any CPU.ActiveCfg = Release|Any CPU
		{4D58EFF1-7EDD-4805-AEE3-FF4CCCCD0A1D}.Release|Any CPU.Build.0 = Release|Any CPU
	EndGlobalSection
	GlobalSection(SolutionProperties) = preSolution
		HideSolutionNode = FALSE
	EndGlobalSection
	GlobalSection(ExtensibilityGlobals) = postSolution
		SolutionGuid = {A637DDA6-C4FA-4B53-B351-9EAD860FECE9}
	EndGlobalSection
EndGlobal
